
Microsoft Visual Studio Solution File, Format Version 12.00
# Visual Studio Version 16
VisualStudioVersion = 16.0.31911.196
MinimumVisualStudioVersion = 10.0.40219.1
Project("{FAE04EC0-301F-11D3-BF4B-00C04F79EFBC}") = "Exercise13", "Exercise13\Exercise13.csproj", "{582BFE34-33F4-4E3D-99DB-672DD33754ED}"
EndProject
Global
	GlobalSection(SolutionConfigurationPlatforms) = preSolution
		Debug|Any CPU = Debug|Any CPU
		Release|Any CPU = Release|Any CPU
	EndGlobalSection
	GlobalSection(ProjectConfigurationPlatforms) = postSolution
		{582BFE34-33F4-4E3D-99DB-672DD33754ED}.Debug|Any CPU.ActiveCfg = Debug|Any CPU
		{582BFE34-33F4-4E3D-99DB-672DD33754ED}.Debug|Any CPU.Build.0 = Debug|Any CPU
		{582BFE34-33F4-4E3D-99DB-672DD33754ED}.Release|Any CPU.ActiveCfg = Release|Any CPU
		{582BFE34-33F4-4E3D-99DB-672DD33754ED}.Release|Any CPU.Build.0 = Release|Any CPU
	EndGlobalSection
	GlobalSection(SolutionProperties) = preSolution
		HideSolutionNode = FALSE
	EndGlobalSection
	GlobalSection(ExtensibilityGlobals) = postSolution
		SolutionGuid = {2CDA3766-FF7D-4884-B429-B805EA564FBF}
	EndGlobalSection
EndGlobal
